
Microsoft Visual Studio Solution File, Format Version 12.00
# Visual Studio Version 16
VisualStudioVersion = 16.0.31702.278
MinimumVisualStudioVersion = 10.0.40219.1
Project("{FAE04EC0-301F-11D3-BF4B-00C04F79EFBC}") = "Steganography", "Steganography\Steganography.csproj", "{B4A481B7-4546-41C8-ADA9-F171B50842CB}"
EndProject
Global
	GlobalSection(SolutionConfigurationPlatforms) = preSolution
		Debug|Any CPU = Debug|Any CPU
		Release|Any CPU = Release|Any CPU
	EndGlobalSection
	GlobalSection(ProjectConfigurationPlatforms) = postSolution
		{B4A481B7-4546-41C8-ADA9-F171B50842CB}.Debug|Any CPU.ActiveCfg = Debug|Any CPU
		{B4A481B7-4546-41C8-ADA9-F171B50842CB}.Debug|Any CPU.Build.0 = Debug|Any CPU
		{B4A481B7-4546-41C8-ADA9-F171B50842CB}.Release|Any CPU.ActiveCfg = Release|Any CPU
		{B4A481B7-4546-41C8-ADA9-F171B50842CB}.Release|Any CPU.Build.0 = Release|Any CPU
	EndGlobalSection
	GlobalSection(SolutionProperties) = preSolution
		HideSolutionNode = FALSE
	EndGlobalSection
	GlobalSection(ExtensibilityGlobals) = postSolution
		SolutionGuid = {F7CFDB27-01EB-4D90-86EE-4AA008CD493D}
	EndGlobalSection
EndGlobal
